
Microsoft Visual Studio Solution File, Format Version 12.00
# Visual Studio Version 16
VisualStudioVersion = 16.0.30002.166
MinimumVisualStudioVersion = 10.0.40219.1
Project("{FAE04EC0-301F-11D3-BF4B-00C04F79EFBC}") = "homeworl4_3", "homeworl4_3\homeworl4_3.csproj", "{BFAE2E45-9E3B-482C-9745-C43920C5FDC7}"
EndProject
Global
	GlobalSection(SolutionConfigurationPlatforms) = preSolution
		Debug|Any CPU = Debug|Any CPU
		Release|Any CPU = Release|Any CPU
	EndGlobalSection
	GlobalSection(ProjectConfigurationPlatforms) = postSolution
		{BFAE2E45-9E3B-482C-9745-C43920C5FDC7}.Debug|Any CPU.ActiveCfg = Debug|Any CPU
		{BFAE2E45-9E3B-482C-9745-C43920C5FDC7}.Debug|Any CPU.Build.0 = Debug|Any CPU
		{BFAE2E45-9E3B-482C-9745-C43920C5FDC7}.Release|Any CPU.ActiveCfg = Release|Any CPU
		{BFAE2E45-9E3B-482C-9745-C43920C5FDC7}.Release|Any CPU.Build.0 = Release|Any CPU
	EndGlobalSection
	GlobalSection(SolutionProperties) = preSolution
		HideSolutionNode = FALSE
	EndGlobalSection
	GlobalSection(ExtensibilityGlobals) = postSolution
		SolutionGuid = {3FF5DCE4-794E-4449-9099-E1800CC83EAB}
	EndGlobalSection
EndGlobal
